
Microsoft Visual Studio Solution File, Format Version 12.00
# Visual Studio Version 16
VisualStudioVersion = 16.0.30309.148
MinimumVisualStudioVersion = 10.0.40219.1
Project("{FAE04EC0-301F-11D3-BF4B-00C04F79EFBC}") = "Mediff Assessment", "Mediff Assessment\Mediff Assessment.csproj", "{F7091734-5D1D-4589-9B1E-AD65AF0892D4}"
EndProject
Global
	GlobalSection(SolutionConfigurationPlatforms) = preSolution
		Debug|Any CPU = Debug|Any CPU
		Release|Any CPU = Release|Any CPU
	EndGlobalSection
	GlobalSection(ProjectConfigurationPlatforms) = postSolution
		{F7091734-5D1D-4589-9B1E-AD65AF0892D4}.Debug|Any CPU.ActiveCfg = Debug|Any CPU
		{F7091734-5D1D-4589-9B1E-AD65AF0892D4}.Debug|Any CPU.Build.0 = Debug|Any CPU
		{F7091734-5D1D-4589-9B1E-AD65AF0892D4}.Release|Any CPU.ActiveCfg = Release|Any CPU
		{F7091734-5D1D-4589-9B1E-AD65AF0892D4}.Release|Any CPU.Build.0 = Release|Any CPU
	EndGlobalSection
	GlobalSection(SolutionProperties) = preSolution
		HideSolutionNode = FALSE
	EndGlobalSection
	GlobalSection(ExtensibilityGlobals) = postSolution
		SolutionGuid = {64979821-5D4D-4C8C-98DE-C5E3DA03E33D}
	EndGlobalSection
EndGlobal
